
Microsoft Visual Studio Solution File, Format Version 12.00
# Visual Studio Version 16
VisualStudioVersion = 16.0.29519.87
MinimumVisualStudioVersion = 10.0.40219.1
Project("{FAE04EC0-301F-11D3-BF4B-00C04F79EFBC}") = "Lab_1", "Lab_1\Lab_1.csproj", "{1322B2DF-1EAD-4E51-A9D6-BAB0121013FC}"
EndProject
Project("{FAE04EC0-301F-11D3-BF4B-00C04F79EFBC}") = "Lab_2", "Lab_2\Lab_2.csproj", "{4D68E359-2382-4192-8915-C9BDE119D465}"
EndProject
Project("{FAE04EC0-301F-11D3-BF4B-00C04F79EFBC}") = "Lab_3", "Lab_3\Lab_3.csproj", "{EE5101E1-00D0-46E0-9CB3-08115310F0DC}"
EndProject
Project("{FAE04EC0-301F-11D3-BF4B-00C04F79EFBC}") = "Lab_4", "Lab_4\Lab_4.csproj", "{261A1F2D-C9E3-423A-897B-EB129BB3B322}"
EndProject
Project("{FAE04EC0-301F-11D3-BF4B-00C04F79EFBC}") = "Lab_5", "Lab_5\Lab_5.csproj", "{20CA0231-AF64-4F08-B5B7-052EEB8958D6}"
EndProject
Project("{FAE04EC0-301F-11D3-BF4B-00C04F79EFBC}") = "Lab_5_Final", "Lab_5_Final\Lab_5_Final.csproj", "{4DE78226-F802-4193-9833-D036B5BB9E72}"
EndProject
Project("{FAE04EC0-301F-11D3-BF4B-00C04F79EFBC}") = "Lab_6", "Lab_6\Lab_6.csproj", "{3B398C4F-33F4-459D-A815-BAB4A08936A0}"
EndProject
Project("{FAE04EC0-301F-11D3-BF4B-00C04F79EFBC}") = "Lab_6_Final", "Lab_6_Final\Lab_6_Final.csproj", "{BCFB7DD9-951A-4CDE-B3A7-A6E8D6E6799D}"
EndProject
Global
	GlobalSection(SolutionConfigurationPlatforms) = preSolution
		Debug|Any CPU = Debug|Any CPU
		Default|Any CPU = Default|Any CPU
		Release|Any CPU = Release|Any CPU
	EndGlobalSection
	GlobalSection(ProjectConfigurationPlatforms) = postSolution
		{1322B2DF-1EAD-4E51-A9D6-BAB0121013FC}.Debug|Any CPU.ActiveCfg = Debug|Any CPU
		{1322B2DF-1EAD-4E51-A9D6-BAB0121013FC}.Debug|Any CPU.Build.0 = Debug|Any CPU
		{1322B2DF-1EAD-4E51-A9D6-BAB0121013FC}.Default|Any CPU.ActiveCfg = Debug|Any CPU
		{1322B2DF-1EAD-4E51-A9D6-BAB0121013FC}.Default|Any CPU.Build.0 = Debug|Any CPU
		{1322B2DF-1EAD-4E51-A9D6-BAB0121013FC}.Release|Any CPU.ActiveCfg = Release|Any CPU
		{1322B2DF-1EAD-4E51-A9D6-BAB0121013FC}.Release|Any CPU.Build.0 = Release|Any CPU
		{4D68E359-2382-4192-8915-C9BDE119D465}.Debug|Any CPU.ActiveCfg = Debug|Any CPU
		{4D68E359-2382-4192-8915-C9BDE119D465}.Debug|Any CPU.Build.0 = Debug|Any CPU
		{4D68E359-2382-4192-8915-C9BDE119D465}.Default|Any CPU.ActiveCfg = Debug|Any CPU
		{4D68E359-2382-4192-8915-C9BDE119D465}.Default|Any CPU.Build.0 = Debug|Any CPU
		{4D68E359-2382-4192-8915-C9BDE119D465}.Release|Any CPU.ActiveCfg = Release|Any CPU
		{4D68E359-2382-4192-8915-C9BDE119D465}.Release|Any CPU.Build.0 = Release|Any CPU
		{EE5101E1-00D0-46E0-9CB3-08115310F0DC}.Debug|Any CPU.ActiveCfg = Debug|Any CPU
		{EE5101E1-00D0-46E0-9CB3-08115310F0DC}.Debug|Any CPU.Build.0 = Debug|Any CPU
		{EE5101E1-00D0-46E0-9CB3-08115310F0DC}.Default|Any CPU.ActiveCfg = Debug|Any CPU
		{EE5101E1-00D0-46E0-9CB3-08115310F0DC}.Default|Any CPU.Build.0 = Debug|Any CPU
		{EE5101E1-00D0-46E0-9CB3-08115310F0DC}.Release|Any CPU.ActiveCfg = Release|Any CPU
		{EE5101E1-00D0-46E0-9CB3-08115310F0DC}.Release|Any CPU.Build.0 = Release|Any CPU
		{261A1F2D-C9E3-423A-897B-EB129BB3B322}.Debug|Any CPU.ActiveCfg = Debug|Any CPU
		{261A1F2D-C9E3-423A-897B-EB129BB3B322}.Debug|Any CPU.Build.0 = Debug|Any CPU
		{261A1F2D-C9E3-423A-897B-EB129BB3B322}.Default|Any CPU.ActiveCfg = Debug|Any CPU
		{261A1F2D-C9E3-423A-897B-EB129BB3B322}.Default|Any CPU.Build.0 = Debug|Any CPU
		{261A1F2D-C9E3-423A-897B-EB129BB3B322}.Release|Any CPU.ActiveCfg = Release|Any CPU
		{261A1F2D-C9E3-423A-897B-EB129BB3B322}.Release|Any CPU.Build.0 = Release|Any CPU
		{20CA0231-AF64-4F08-B5B7-052EEB8958D6}.Debug|Any CPU.ActiveCfg = Debug|Any CPU
		{20CA0231-AF64-4F08-B5B7-052EEB8958D6}.Debug|Any CPU.Build.0 = Debug|Any CPU
		{20CA0231-AF64-4F08-B5B7-052EEB8958D6}.Default|Any CPU.ActiveCfg = Debug|Any CPU
		{20CA0231-AF64-4F08-B5B7-052EEB8958D6}.Default|Any CPU.Build.0 = Debug|Any CPU
		{20CA0231-AF64-4F08-B5B7-052EEB8958D6}.Release|Any CPU.ActiveCfg = Release|Any CPU
		{20CA0231-AF64-4F08-B5B7-052EEB8958D6}.Release|Any CPU.Build.0 = Release|Any CPU
		{4DE78226-F802-4193-9833-D036B5BB9E72}.Debug|Any CPU.ActiveCfg = Debug|Any CPU
		{4DE78226-F802-4193-9833-D036B5BB9E72}.Debug|Any CPU.Build.0 = Debug|Any CPU
		{4DE78226-F802-4193-9833-D036B5BB9E72}.Default|Any CPU.ActiveCfg = Debug|Any CPU
		{4DE78226-F802-4193-9833-D036B5BB9E72}.Default|Any CPU.Build.0 = Debug|Any CPU
		{4DE78226-F802-4193-9833-D036B5BB9E72}.Release|Any CPU.ActiveCfg = Release|Any CPU
		{4DE78226-F802-4193-9833-D036B5BB9E72}.Release|Any CPU.Build.0 = Release|Any CPU
		{3B398C4F-33F4-459D-A815-BAB4A08936A0}.Debug|Any CPU.ActiveCfg = Debug|Any CPU
		{3B398C4F-33F4-459D-A815-BAB4A08936A0}.Debug|Any CPU.Build.0 = Debug|Any CPU
		{3B398C4F-33F4-459D-A815-BAB4A08936A0}.Default|Any CPU.ActiveCfg = Debug|Any CPU
		{3B398C4F-33F4-459D-A815-BAB4A08936A0}.Default|Any CPU.Build.0 = Debug|Any CPU
		{3B398C4F-33F4-459D-A815-BAB4A08936A0}.Release|Any CPU.ActiveCfg = Release|Any CPU
		{3B398C4F-33F4-459D-A815-BAB4A08936A0}.Release|Any CPU.Build.0 = Release|Any CPU
		{BCFB7DD9-951A-4CDE-B3A7-A6E8D6E6799D}.Debug|Any CPU.ActiveCfg = Debug|Any CPU
		{BCFB7DD9-951A-4CDE-B3A7-A6E8D6E6799D}.Debug|Any CPU.Build.0 = Debug|Any CPU
		{BCFB7DD9-951A-4CDE-B3A7-A6E8D6E6799D}.Default|Any CPU.ActiveCfg = Debug|Any CPU
		{BCFB7DD9-951A-4CDE-B3A7-A6E8D6E6799D}.Default|Any CPU.Build.0 = Debug|Any CPU
		{BCFB7DD9-951A-4CDE-B3A7-A6E8D6E6799D}.Release|Any CPU.ActiveCfg = Release|Any CPU
		{BCFB7DD9-951A-4CDE-B3A7-A6E8D6E6799D}.Release|Any CPU.Build.0 = Release|Any CPU
	EndGlobalSection
	GlobalSection(SolutionProperties) = preSolution
		HideSolutionNode = FALSE
	EndGlobalSection
	GlobalSection(ExtensibilityGlobals) = postSolution
		SolutionGuid = {905F90BD-C641-4778-898E-66C06F370B27}
	EndGlobalSection
EndGlobal
